
Microsoft Visual Studio Solution File, Format Version 12.00
# Visual Studio 15
VisualStudioVersion = 15.0.27130.2024
MinimumVisualStudioVersion = 10.0.40219.1
Project("{8BC9CEB8-8B4A-11D0-8D11-00A0C91BC942}") = "2.2.1", "2.2.1\2.2.1.vcxproj", "{40F40401-BD3A-4D53-BD30-D27D875133D1}"
EndProject
Project("{8BC9CEB8-8B4A-11D0-8D11-00A0C91BC942}") = "2.2.2", "2.2.2\2.2.2.vcxproj", "{BF8124D3-6F96-48EB-BB6E-F6C187075981}"
EndProject
Project("{8BC9CEB8-8B4A-11D0-8D11-00A0C91BC942}") = "2.2.3", "2.2.3\2.2.3.vcxproj", "{02736D97-0C5E-4119-8235-BB8A26080BD4}"
EndProject
Project("{8BC9CEB8-8B4A-11D0-8D11-00A0C91BC942}") = "2.2.4", "2.2.4\2.2.4.vcxproj", "{1C73CD92-206C-45AC-A7F3-D4E2249387DA}"
EndProject
Project("{8BC9CEB8-8B4A-11D0-8D11-00A0C91BC942}") = "2.2.5", "2.2.5\2.2.5.vcxproj", "{4C9BDBD8-212F-4AB5-AAAC-00ABCD729A7D}"
EndProject
Project("{8BC9CEB8-8B4A-11D0-8D11-00A0C91BC942}") = "2.3.1", "2.3.1\2.3.1.vcxproj", "{D5297E2F-0CE8-4B3F-A3D9-1F7E810830F3}"
EndProject
Project("{8BC9CEB8-8B4A-11D0-8D11-00A0C91BC942}") = "2.3.2", "2.3.2\2.3.2.vcxproj", "{8FF6D4E2-A9CD-42D9-87C1-1DFC58C47817}"
EndProject
Project("{8BC9CEB8-8B4A-11D0-8D11-00A0C91BC942}") = "2.3.3", "2.3.3\2.3.3.vcxproj", "{3BBF983D-AFD9-4849-A3EF-8B074448F98C}"
EndProject
Project("{8BC9CEB8-8B4A-11D0-8D11-00A0C91BC942}") = "2.4.1", "2.4.1\2.4.1.vcxproj", "{BF111F47-EF39-497E-9EEC-BC8E706EB11C}"
EndProject
Project("{8BC9CEB8-8B4A-11D0-8D11-00A0C91BC942}") = "2.4.2", "2.4.2\2.4.2.vcxproj", "{037F143E-8DD5-4C4C-A7C6-0DEA171B1862}"
EndProject
Project("{8BC9CEB8-8B4A-11D0-8D11-00A0C91BC942}") = "2.4.3.1", "2.4.3.1\2.4.3.1.vcxproj", "{11EE77E3-3E0E-446E-BB82-A92CE07C3E7D}"
EndProject
Project("{8BC9CEB8-8B4A-11D0-8D11-00A0C91BC942}") = "2.4.3.2", "2.4.3.2\2.4.3.2.vcxproj", "{10A772FF-35E3-4BE6-A0F4-3E840B0C0C89}"
EndProject
Global
	GlobalSection(SolutionConfigurationPlatforms) = preSolution
		Debug|x64 = Debug|x64
		Debug|x86 = Debug|x86
		Release|x64 = Release|x64
		Release|x86 = Release|x86
	EndGlobalSection
	GlobalSection(ProjectConfigurationPlatforms) = postSolution
		{40F40401-BD3A-4D53-BD30-D27D875133D1}.Debug|x64.ActiveCfg = Debug|x64
		{40F40401-BD3A-4D53-BD30-D27D875133D1}.Debug|x64.Build.0 = Debug|x64
		{40F40401-BD3A-4D53-BD30-D27D875133D1}.Debug|x86.ActiveCfg = Debug|Win32
		{40F40401-BD3A-4D53-BD30-D27D875133D1}.Debug|x86.Build.0 = Debug|Win32
		{40F40401-BD3A-4D53-BD30-D27D875133D1}.Release|x64.ActiveCfg = Release|x64
		{40F40401-BD3A-4D53-BD30-D27D875133D1}.Release|x64.Build.0 = Release|x64
		{40F40401-BD3A-4D53-BD30-D27D875133D1}.Release|x86.ActiveCfg = Release|Win32
		{40F40401-BD3A-4D53-BD30-D27D875133D1}.Release|x86.Build.0 = Release|Win32
		{BF8124D3-6F96-48EB-BB6E-F6C187075981}.Debug|x64.ActiveCfg = Debug|x64
		{BF8124D3-6F96-48EB-BB6E-F6C187075981}.Debug|x64.Build.0 = Debug|x64
		{BF8124D3-6F96-48EB-BB6E-F6C187075981}.Debug|x86.ActiveCfg = Debug|Win32
		{BF8124D3-6F96-48EB-BB6E-F6C187075981}.Debug|x86.Build.0 = Debug|Win32
		{BF8124D3-6F96-48EB-BB6E-F6C187075981}.Release|x64.ActiveCfg = Release|x64
		{BF8124D3-6F96-48EB-BB6E-F6C187075981}.Release|x64.Build.0 = Release|x64
		{BF8124D3-6F96-48EB-BB6E-F6C187075981}.Release|x86.ActiveCfg = Release|Win32
		{BF8124D3-6F96-48EB-BB6E-F6C187075981}.Release|x86.Build.0 = Release|Win32
		{02736D97-0C5E-4119-8235-BB8A26080BD4}.Debug|x64.ActiveCfg = Debug|x64
		{02736D97-0C5E-4119-8235-BB8A26080BD4}.Debug|x64.Build.0 = Debug|x64
		{02736D97-0C5E-4119-8235-BB8A26080BD4}.Debug|x86.ActiveCfg = Debug|Win32
		{02736D97-0C5E-4119-8235-BB8A26080BD4}.Debug|x86.Build.0 = Debug|Win32
		{02736D97-0C5E-4119-8235-BB8A26080BD4}.Release|x64.ActiveCfg = Release|x64
		{02736D97-0C5E-4119-8235-BB8A26080BD4}.Release|x64.Build.0 = Release|x64
		{02736D97-0C5E-4119-8235-BB8A26080BD4}.Release|x86.ActiveCfg = Release|Win32
		{02736D97-0C5E-4119-8235-BB8A26080BD4}.Release|x86.Build.0 = Release|Win32
		{1C73CD92-206C-45AC-A7F3-D4E2249387DA}.Debug|x64.ActiveCfg = Debug|x64
		{1C73CD92-206C-45AC-A7F3-D4E2249387DA}.Debug|x64.Build.0 = Debug|x64
		{1C73CD92-206C-45AC-A7F3-D4E2249387DA}.Debug|x86.ActiveCfg = Debug|Win32
		{1C73CD92-206C-45AC-A7F3-D4E2249387DA}.Debug|x86.Build.0 = Debug|Win32
		{1C73CD92-206C-45AC-A7F3-D4E2249387DA}.Release|x64.ActiveCfg = Release|x64
		{1C73CD92-206C-45AC-A7F3-D4E2249387DA}.Release|x64.Build.0 = Release|x64
		{1C73CD92-206C-45AC-A7F3-D4E2249387DA}.Release|x86.ActiveCfg = Release|Win32
		{1C73CD92-206C-45AC-A7F3-D4E2249387DA}.Release|x86.Build.0 = Release|Win32
		{4C9BDBD8-212F-4AB5-AAAC-00ABCD729A7D}.Debug|x64.ActiveCfg = Debug|x64
		{4C9BDBD8-212F-4AB5-AAAC-00ABCD729A7D}.Debug|x64.Build.0 = Debug|x64
		{4C9BDBD8-212F-4AB5-AAAC-00ABCD729A7D}.Debug|x86.ActiveCfg = Debug|Win32
		{4C9BDBD8-212F-4AB5-AAAC-00ABCD729A7D}.Debug|x86.Build.0 = Debug|Win32
		{4C9BDBD8-212F-4AB5-AAAC-00ABCD729A7D}.Release|x64.ActiveCfg = Release|x64
		{4C9BDBD8-212F-4AB5-AAAC-00ABCD729A7D}.Release|x64.Build.0 = Release|x64
		{4C9BDBD8-212F-4AB5-AAAC-00ABCD729A7D}.Release|x86.ActiveCfg = Release|Win32
		{4C9BDBD8-212F-4AB5-AAAC-00ABCD729A7D}.Release|x86.Build.0 = Release|Win32
		{D5297E2F-0CE8-4B3F-A3D9-1F7E810830F3}.Debug|x64.ActiveCfg = Debug|x64
		{D5297E2F-0CE8-4B3F-A3D9-1F7E810830F3}.Debug|x64.Build.0 = Debug|x64
		{D5297E2F-0CE8-4B3F-A3D9-1F7E810830F3}.Debug|x86.ActiveCfg = Debug|Win32
		{D5297E2F-0CE8-4B3F-A3D9-1F7E810830F3}.Debug|x86.Build.0 = Debug|Win32
		{D5297E2F-0CE8-4B3F-A3D9-1F7E810830F3}.Release|x64.ActiveCfg = Release|x64
		{D5297E2F-0CE8-4B3F-A3D9-1F7E810830F3}.Release|x64.Build.0 = Release|x64
		{D5297E2F-0CE8-4B3F-A3D9-1F7E810830F3}.Release|x86.ActiveCfg = Release|Win32
		{D5297E2F-0CE8-4B3F-A3D9-1F7E810830F3}.Release|x86.Build.0 = Release|Win32
		{8FF6D4E2-A9CD-42D9-87C1-1DFC58C47817}.Debug|x64.ActiveCfg = Debug|x64
		{8FF6D4E2-A9CD-42D9-87C1-1DFC58C47817}.Debug|x64.Build.0 = Debug|x64
		{8FF6D4E2-A9CD-42D9-87C1-1DFC58C47817}.Debug|x86.ActiveCfg = Debug|Win32
		{8FF6D4E2-A9CD-42D9-87C1-1DFC58C47817}.Debug|x86.Build.0 = Debug|Win32
		{8FF6D4E2-A9CD-42D9-87C1-1DFC58C47817}.Release|x64.ActiveCfg = Release|x64
		{8FF6D4E2-A9CD-42D9-87C1-1DFC58C47817}.Release|x64.Build.0 = Release|x64
		{8FF6D4E2-A9CD-42D9-87C1-1DFC58C47817}.Release|x86.ActiveCfg = Release|Win32
		{8FF6D4E2-A9CD-42D9-87C1-1DFC58C47817}.Release|x86.Build.0 = Release|Win32
		{3BBF983D-AFD9-4849-A3EF-8B074448F98C}.Debug|x64.ActiveCfg = Debug|x64
		{3BBF983D-AFD9-4849-A3EF-8B074448F98C}.Debug|x64.Build.0 = Debug|x64
		{3BBF983D-AFD9-4849-A3EF-8B074448F98C}.Debug|x86.ActiveCfg = Debug|Win32
		{3BBF983D-AFD9-4849-A3EF-8B074448F98C}.Debug|x86.Build.0 = Debug|Win32
		{3BBF983D-AFD9-4849-A3EF-8B074448F98C}.Release|x64.ActiveCfg = Release|x64
		{3BBF983D-AFD9-4849-A3EF-8B074448F98C}.Release|x64.Build.0 = Release|x64
		{3BBF983D-AFD9-4849-A3EF-8B074448F98C}.Release|x86.ActiveCfg = Release|Win32
		{3BBF983D-AFD9-4849-A3EF-8B074448F98C}.Release|x86.Build.0 = Release|Win32
		{BF111F47-EF39-497E-9EEC-BC8E706EB11C}.Debug|x64.ActiveCfg = Debug|x64
		{BF111F47-EF39-497E-9EEC-BC8E706EB11C}.Debug|x64.Build.0 = Debug|x64
		{BF111F47-EF39-497E-9EEC-BC8E706EB11C}.Debug|x86.ActiveCfg = Debug|Win32
		{BF111F47-EF39-497E-9EEC-BC8E706EB11C}.Debug|x86.Build.0 = Debug|Win32
		{BF111F47-EF39-497E-9EEC-BC8E706EB11C}.Release|x64.ActiveCfg = Release|x64
		{BF111F47-EF39-497E-9EEC-BC8E706EB11C}.Release|x64.Build.0 = Release|x64
		{BF111F47-EF39-497E-9EEC-BC8E706EB11C}.Release|x86.ActiveCfg = Release|Win32
		{BF111F47-EF39-497E-9EEC-BC8E706EB11C}.Release|x86.Build.0 = Release|Win32
		{037F143E-8DD5-4C4C-A7C6-0DEA171B1862}.Debug|x64.ActiveCfg = Debug|x64
		{037F143E-8DD5-4C4C-A7C6-0DEA171B1862}.Debug|x64.Build.0 = Debug|x64
		{037F143E-8DD5-4C4C-A7C6-0DEA171B1862}.Debug|x86.ActiveCfg = Debug|Win32
		{037F143E-8DD5-4C4C-A7C6-0DEA171B1862}.Debug|x86.Build.0 = Debug|Win32
		{037F143E-8DD5-4C4C-A7C6-0DEA171B1862}.Release|x64.ActiveCfg = Release|x64
		{037F143E-8DD5-4C4C-A7C6-0DEA171B1862}.Release|x64.Build.0 = Release|x64
		{037F143E-8DD5-4C4C-A7C6-0DEA171B1862}.Release|x86.ActiveCfg = Release|Win32
		{037F143E-8DD5-4C4C-A7C6-0DEA171B1862}.Release|x86.Build.0 = Release|Win32
		{11EE77E3-3E0E-446E-BB82-A92CE07C3E7D}.Debug|x64.ActiveCfg = Debug|x64
		{11EE77E3-3E0E-446E-BB82-A92CE07C3E7D}.Debug|x64.Build.0 = Debug|x64
		{11EE77E3-3E0E-446E-BB82-A92CE07C3E7D}.Debug|x86.ActiveCfg = Debug|Win32
		{11EE77E3-3E0E-446E-BB82-A92CE07C3E7D}.Debug|x86.Build.0 = Debug|Win32
		{11EE77E3-3E0E-446E-BB82-A92CE07C3E7D}.Release|x64.ActiveCfg = Release|x64
		{11EE77E3-3E0E-446E-BB82-A92CE07C3E7D}.Release|x64.Build.0 = Release|x64
		{11EE77E3-3E0E-446E-BB82-A92CE07C3E7D}.Release|x86.ActiveCfg = Release|Win32
		{11EE77E3-3E0E-446E-BB82-A92CE07C3E7D}.Release|x86.Build.0 = Release|Win32
		{10A772FF-35E3-4BE6-A0F4-3E840B0C0C89}.Debug|x64.ActiveCfg = Debug|x64
		{10A772FF-35E3-4BE6-A0F4-3E840B0C0C89}.Debug|x64.Build.0 = Debug|x64
		{10A772FF-35E3-4BE6-A0F4-3E840B0C0C89}.Debug|x86.ActiveCfg = Debug|Win32
		{10A772FF-35E3-4BE6-A0F4-3E840B0C0C89}.Debug|x86.Build.0 = Debug|Win32
		{10A772FF-35E3-4BE6-A0F4-3E840B0C0C89}.Release|x64.ActiveCfg = Release|x64
		{10A772FF-35E3-4BE6-A0F4-3E840B0C0C89}.Release|x64.Build.0 = Release|x64
		{10A772FF-35E3-4BE6-A0F4-3E840B0C0C89}.Release|x86.ActiveCfg = Release|Win32
		{10A772FF-35E3-4BE6-A0F4-3E840B0C0C89}.Release|x86.Build.0 = Release|Win32
	EndGlobalSection
	GlobalSection(SolutionProperties) = preSolution
		HideSolutionNode = FALSE
	EndGlobalSection
	GlobalSection(ExtensibilityGlobals) = postSolution
		SolutionGuid = {EF44C280-C015-4BA7-9BF5-9DCCF6ED82D5}
	EndGlobalSection
EndGlobal
